Microsoft Visual Studio Solution File, Format Version 12.00
# Visual Studio Version 17
VisualStudioVersion = 17.5.2.0
MinimumVisualStudioVersion = 10.0.40219.1
Project("{2150E333-8FDC-42A3-9474-1A3956D46DE8}") = "datawhisper-api", "datawhisper-api", "{5CC412E8-2F1B-1610-F3D8-4A82A594FBDD}"
EndProject
Project("{FAE04EC0-301F-11D3-BF4B-00C04F79EFBC}") = "DataWhisper.API", "datawhisper-api\DataWhisper.API.csproj", "{8F3EF5FA-F1DA-C3B0-1C49-EFB50DA8D826}"
EndProject
Global
	GlobalSection(SolutionConfigurationPlatforms) = preSolution
		Debug|Any CPU = Debug|Any CPU
		Release|Any CPU = Release|Any CPU
	EndGlobalSection
	GlobalSection(ProjectConfigurationPlatforms) = postSolution
		{8F3EF5FA-F1DA-C3B0-1C49-EFB50DA8D826}.Debug|Any CPU.ActiveCfg = Debug|Any CPU
		{8F3EF5FA-F1DA-C3B0-1C49-EFB50DA8D826}.Debug|Any CPU.Build.0 = Debug|Any CPU
		{8F3EF5FA-F1DA-C3B0-1C49-EFB50DA8D826}.Release|Any CPU.ActiveCfg = Release|Any CPU
		{8F3EF5FA-F1DA-C3B0-1C49-EFB50DA8D826}.Release|Any CPU.Build.0 = Release|Any CPU
	EndGlobalSection
	GlobalSection(SolutionProperties) = preSolution
		HideSolutionNode = FALSE
	EndGlobalSection
	GlobalSection(NestedProjects) = preSolution
		{8F3EF5FA-F1DA-C3B0-1C49-EFB50DA8D826} = {5CC412E8-2F1B-1610-F3D8-4A82A594FBDD}
	EndGlobalSection
	GlobalSection(ExtensibilityGlobals) = postSolution
		SolutionGuid = {9743D082-790F-4607-B93E-AE7E69FAE7D4}
	EndGlobalSection
EndGlobal
